
Microsoft Visual Studio Solution File, Format Version 12.00
# Visual Studio Version 17
VisualStudioVersion = 17.5.002.0
MinimumVisualStudioVersion = 10.0.40219.1
Project("{2150E333-8FDC-42A3-9474-1A3956D46DE8}") = "sandbox", "sandbox", "{028FE07B-4E17-4BE8-9F8F-52B4B21900F7}"
EndProject
Project("{9A19103F-16F7-4668-BE54-9A1E7A4F7556}") = "sandbox_project", "sandbox\sandbox_project\sandbox_project.csproj", "{90CCA6B6-2EA1-45F1-894D-27D4416B64C0}"
EndProject
Project("{2150E333-8FDC-42A3-9474-1A3956D46DE8}") = "week01", "week01", "{B782942F-11A6-413B-B409-F5644240A7AE}"
EndProject
Project("{9A19103F-16F7-4668-BE54-9A1E7A4F7556}") = "analyze", "week01\analyze\analyze.csproj", "{3CF9BC47-521B-47AB-84EC-5B8E2DC32FD1}"
EndProject
Project("{9A19103F-16F7-4668-BE54-9A1E7A4F7556}") = "code", "week01\code\code.csproj", "{34997BD9-8865-4D00-92F7-EFA92D2B3BFD}"
EndProject
Project("{9A19103F-16F7-4668-BE54-9A1E7A4F7556}") = "teach", "week01\teach\teach.csproj", "{AEF28C01-828E-408E-BD47-4AF902C09C39}"
EndProject
Project("{2150E333-8FDC-42A3-9474-1A3956D46DE8}") = "week02", "week02", "{9C020CDB-92D5-4A64-8614-DF70163467C3}"
EndProject
Project("{9A19103F-16F7-4668-BE54-9A1E7A4F7556}") = "analyze", "week02\analyze\analyze.csproj", "{64254EB4-6690-4F4E-BEED-B95C125F26C6}"
EndProject
Project("{9A19103F-16F7-4668-BE54-9A1E7A4F7556}") = "code", "week02\code\code.csproj", "{139A5A18-A2C8-4676-B60C-A663AD53AD7F}"
EndProject
Project("{9A19103F-16F7-4668-BE54-9A1E7A4F7556}") = "learn", "week02\learn\learn.csproj", "{22ECB033-D405-411A-8E9F-CD943BD1B467}"
EndProject
Project("{9A19103F-16F7-4668-BE54-9A1E7A4F7556}") = "teach", "week02\teach\teach.csproj", "{F079D72A-A6BC-40AD-81F4-568530CC38D7}"
EndProject
Project("{2150E333-8FDC-42A3-9474-1A3956D46DE8}") = "week03", "week03", "{BE50E54C-4B83-45F9-BC34-319D6AB3D41C}"
EndProject
Project("{9A19103F-16F7-4668-BE54-9A1E7A4F7556}") = "code", "week03\code\code.csproj", "{E60F3A2A-03F0-4939-93DC-FF00C247742F}"
EndProject
Project("{9A19103F-16F7-4668-BE54-9A1E7A4F7556}") = "learn", "week03\learn\learn.csproj", "{9059E566-603E-458B-83BA-A5379112FFAC}"
EndProject
Project("{9A19103F-16F7-4668-BE54-9A1E7A4F7556}") = "teach", "week03\teach\teach.csproj", "{EEA8A207-966E-44AF-A362-BB4723517916}"
EndProject
Project("{2150E333-8FDC-42A3-9474-1A3956D46DE8}") = "week04", "week04", "{8345ABD9-0E87-4041-BBD6-8A1A6D0E33AF}"
EndProject
Project("{9A19103F-16F7-4668-BE54-9A1E7A4F7556}") = "code", "week04\code\code.csproj", "{2DE27665-BD1C-46D3-A222-B939C3025C56}"
EndProject
Project("{2150E333-8FDC-42A3-9474-1A3956D46DE8}") = "week05", "week05", "{92B22161-E507-4C6D-A95C-A97790E08E22}"
EndProject
Project("{9A19103F-16F7-4668-BE54-9A1E7A4F7556}") = "code", "week05\code\code.csproj", "{30674CD6-5754-4845-A52B-0D20C164935A}"
EndProject
Project("{2150E333-8FDC-42A3-9474-1A3956D46DE8}") = "week06", "week06", "{D0CBBBF9-5B9B-452A-AD72-39E67A16B7E3}"
EndProject
Project("{9A19103F-16F7-4668-BE54-9A1E7A4F7556}") = "code", "week06\code\code.csproj", "{626C0920-2566-47F6-8C1F-AFCCBD80605C}"
EndProject
Global
	GlobalSection(SolutionConfigurationPlatforms) = preSolution
		Debug|Any CPU = Debug|Any CPU
		Release|Any CPU = Release|Any CPU
	EndGlobalSection
	GlobalSection(ProjectConfigurationPlatforms) = postSolution
		{90CCA6B6-2EA1-45F1-894D-27D4416B64C0}.Debug|Any CPU.ActiveCfg = Debug|Any CPU
		{90CCA6B6-2EA1-45F1-894D-27D4416B64C0}.Debug|Any CPU.Build.0 = Debug|Any CPU
		{90CCA6B6-2EA1-45F1-894D-27D4416B64C0}.Release|Any CPU.ActiveCfg = Release|Any CPU
		{90CCA6B6-2EA1-45F1-894D-27D4416B64C0}.Release|Any CPU.Build.0 = Release|Any CPU
		{3CF9BC47-521B-47AB-84EC-5B8E2DC32FD1}.Debug|Any CPU.ActiveCfg = Debug|Any CPU
		{3CF9BC47-521B-47AB-84EC-5B8E2DC32FD1}.Debug|Any CPU.Build.0 = Debug|Any CPU
		{3CF9BC47-521B-47AB-84EC-5B8E2DC32FD1}.Release|Any CPU.ActiveCfg = Release|Any CPU
		{3CF9BC47-521B-47AB-84EC-5B8E2DC32FD1}.Release|Any CPU.Build.0 = Release|Any CPU
		{34997BD9-8865-4D00-92F7-EFA92D2B3BFD}.Debug|Any CPU.ActiveCfg = Debug|Any CPU
		{34997BD9-8865-4D00-92F7-EFA92D2B3BFD}.Debug|Any CPU.Build.0 = Debug|Any CPU
		{34997BD9-8865-4D00-92F7-EFA92D2B3BFD}.Release|Any CPU.ActiveCfg = Release|Any CPU
		{34997BD9-8865-4D00-92F7-EFA92D2B3BFD}.Release|Any CPU.Build.0 = Release|Any CPU
		{AEF28C01-828E-408E-BD47-4AF902C09C39}.Debug|Any CPU.ActiveCfg = Debug|Any CPU
		{AEF28C01-828E-408E-BD47-4AF902C09C39}.Debug|Any CPU.Build.0 = Debug|Any CPU
		{AEF28C01-828E-408E-BD47-4AF902C09C39}.Release|Any CPU.ActiveCfg = Release|Any CPU
		{AEF28C01-828E-408E-BD47-4AF902C09C39}.Release|Any CPU.Build.0 = Release|Any CPU
		{64254EB4-6690-4F4E-BEED-B95C125F26C6}.Debug|Any CPU.ActiveCfg = Debug|Any CPU
		{64254EB4-6690-4F4E-BEED-B95C125F26C6}.Debug|Any CPU.Build.0 = Debug|Any CPU
		{64254EB4-6690-4F4E-BEED-B95C125F26C6}.Release|Any CPU.ActiveCfg = Release|Any CPU
		{64254EB4-6690-4F4E-BEED-B95C125F26C6}.Release|Any CPU.Build.0 = Release|Any CPU
		{139A5A18-A2C8-4676-B60C-A663AD53AD7F}.Debug|Any CPU.ActiveCfg = Debug|Any CPU
		{139A5A18-A2C8-4676-B60C-A663AD53AD7F}.Debug|Any CPU.Build.0 = Debug|Any CPU
		{139A5A18-A2C8-4676-B60C-A663AD53AD7F}.Release|Any CPU.ActiveCfg = Release|Any CPU
		{139A5A18-A2C8-4676-B60C-A663AD53AD7F}.Release|Any CPU.Build.0 = Release|Any CPU
		{22ECB033-D405-411A-8E9F-CD943BD1B467}.Debug|Any CPU.ActiveCfg = Debug|Any CPU
		{22ECB033-D405-411A-8E9F-CD943BD1B467}.Debug|Any CPU.Build.0 = Debug|Any CPU
		{22ECB033-D405-411A-8E9F-CD943BD1B467}.Release|Any CPU.ActiveCfg = Release|Any CPU
		{22ECB033-D405-411A-8E9F-CD943BD1B467}.Release|Any CPU.Build.0 = Release|Any CPU
		{F079D72A-A6BC-40AD-81F4-568530CC38D7}.Debug|Any CPU.ActiveCfg = Debug|Any CPU
		{F079D72A-A6BC-40AD-81F4-568530CC38D7}.Debug|Any CPU.Build.0 = Debug|Any CPU
		{F079D72A-A6BC-40AD-81F4-568530CC38D7}.Release|Any CPU.ActiveCfg = Release|Any CPU
		{F079D72A-A6BC-40AD-81F4-568530CC38D7}.Release|Any CPU.Build.0 = Release|Any CPU
		{E60F3A2A-03F0-4939-93DC-FF00C247742F}.Debug|Any CPU.ActiveCfg = Debug|Any CPU
		{E60F3A2A-03F0-4939-93DC-FF00C247742F}.Debug|Any CPU.Build.0 = Debug|Any CPU
		{E60F3A2A-03F0-4939-93DC-FF00C247742F}.Release|Any CPU.ActiveCfg = Release|Any CPU
		{E60F3A2A-03F0-4939-93DC-FF00C247742F}.Release|Any CPU.Build.0 = Release|Any CPU
		{9059E566-603E-458B-83BA-A5379112FFAC}.Debug|Any CPU.ActiveCfg = Debug|Any CPU
		{9059E566-603E-458B-83BA-A5379112FFAC}.Debug|Any CPU.Build.0 = Debug|Any CPU
		{9059E566-603E-458B-83BA-A5379112FFAC}.Release|Any CPU.ActiveCfg = Release|Any CPU
		{9059E566-603E-458B-83BA-A5379112FFAC}.Release|Any CPU.Build.0 = Release|Any CPU
		{EEA8A207-966E-44AF-A362-BB4723517916}.Debug|Any CPU.ActiveCfg = Debug|Any CPU
		{EEA8A207-966E-44AF-A362-BB4723517916}.Debug|Any CPU.Build.0 = Debug|Any CPU
		{EEA8A207-966E-44AF-A362-BB4723517916}.Release|Any CPU.ActiveCfg = Release|Any CPU
		{EEA8A207-966E-44AF-A362-BB4723517916}.Release|Any CPU.Build.0 = Release|Any CPU
		{2DE27665-BD1C-46D3-A222-B939C3025C56}.Debug|Any CPU.ActiveCfg = Debug|Any CPU
		{2DE27665-BD1C-46D3-A222-B939C3025C56}.Debug|Any CPU.Build.0 = Debug|Any CPU
		{2DE27665-BD1C-46D3-A222-B939C3025C56}.Release|Any CPU.ActiveCfg = Release|Any CPU
		{2DE27665-BD1C-46D3-A222-B939C3025C56}.Release|Any CPU.Build.0 = Release|Any CPU
		{30674CD6-5754-4845-A52B-0D20C164935A}.Debug|Any CPU.ActiveCfg = Debug|Any CPU
		{30674CD6-5754-4845-A52B-0D20C164935A}.Debug|Any CPU.Build.0 = Debug|Any CPU
		{30674CD6-5754-4845-A52B-0D20C164935A}.Release|Any CPU.ActiveCfg = Release|Any CPU
		{30674CD6-5754-4845-A52B-0D20C164935A}.Release|Any CPU.Build.0 = Release|Any CPU
		{626C0920-2566-47F6-8C1F-AFCCBD80605C}.Debug|Any CPU.ActiveCfg = Debug|Any CPU
		{626C0920-2566-47F6-8C1F-AFCCBD80605C}.Debug|Any CPU.Build.0 = Debug|Any CPU
		{626C0920-2566-47F6-8C1F-AFCCBD80605C}.Release|Any CPU.ActiveCfg = Release|Any CPU
		{626C0920-2566-47F6-8C1F-AFCCBD80605C}.Release|Any CPU.Build.0 = Release|Any CPU
	EndGlobalSection
	GlobalSection(SolutionProperties) = preSolution
		HideSolutionNode = FALSE
	EndGlobalSection
	GlobalSection(NestedProjects) = preSolution
		{90CCA6B6-2EA1-45F1-894D-27D4416B64C0} = {028FE07B-4E17-4BE8-9F8F-52B4B21900F7}
		{3CF9BC47-521B-47AB-84EC-5B8E2DC32FD1} = {B782942F-11A6-413B-B409-F5644240A7AE}
		{34997BD9-8865-4D00-92F7-EFA92D2B3BFD} = {B782942F-11A6-413B-B409-F5644240A7AE}
		{AEF28C01-828E-408E-BD47-4AF902C09C39} = {B782942F-11A6-413B-B409-F5644240A7AE}
		{64254EB4-6690-4F4E-BEED-B95C125F26C6} = {9C020CDB-92D5-4A64-8614-DF70163467C3}
		{139A5A18-A2C8-4676-B60C-A663AD53AD7F} = {9C020CDB-92D5-4A64-8614-DF70163467C3}
		{22ECB033-D405-411A-8E9F-CD943BD1B467} = {9C020CDB-92D5-4A64-8614-DF70163467C3}
		{F079D72A-A6BC-40AD-81F4-568530CC38D7} = {9C020CDB-92D5-4A64-8614-DF70163467C3}
		{E60F3A2A-03F0-4939-93DC-FF00C247742F} = {BE50E54C-4B83-45F9-BC34-319D6AB3D41C}
		{9059E566-603E-458B-83BA-A5379112FFAC} = {BE50E54C-4B83-45F9-BC34-319D6AB3D41C}
		{EEA8A207-966E-44AF-A362-BB4723517916} = {BE50E54C-4B83-45F9-BC34-319D6AB3D41C}
		{2DE27665-BD1C-46D3-A222-B939C3025C56} = {8345ABD9-0E87-4041-BBD6-8A1A6D0E33AF}
		{30674CD6-5754-4845-A52B-0D20C164935A} = {92B22161-E507-4C6D-A95C-A97790E08E22}
		{626C0920-2566-47F6-8C1F-AFCCBD80605C} = {D0CBBBF9-5B9B-452A-AD72-39E67A16B7E3}
	EndGlobalSection
	GlobalSection(ExtensibilityGlobals) = postSolution
		SolutionGuid = {2ABFA81E-1716-4CD3-ACBE-18A6BD287585}
	EndGlobalSection
EndGlobal
